<?xml version="1.0" encoding="UTF-8"?>
<Scheme
   LastUpgradeVersion = "2620"
   version = "1.7">
   <BuildAction
      parallelizeBuildables = "YES"
      buildImplicitDependencies = "YES"
      buildArchitectures = "Automatic">
      <PreActions>
         <ExecutionAction
            ActionType = "Xcode.IDEStandardExecutionActionsCore.ExecutionActionType.ShellScriptAction">
            <ActionContent
               title = "Run Script"
               scriptText = "#!/bin/sh&#10;set -euo pipefail&#10;&#10;PROJECT_NAME=$(basename &quot;$PROJECT_FILE_PATH&quot; .xcodeproj)&#10;XCCONFIG=&quot;${PROJECT_DIR}/${PROJECT_NAME}/BuildNumber.xcconfig&quot;&#10;STATE_FILE=&quot;${PROJECT_DIR}/${PROJECT_NAME}/.BuildNumber.global&quot;&#10;&#10;DAY=$(date &apos;+%y%m%d&apos;)&#10;&#10;COUNT=0&#10;if [ -f &quot;$STATE_FILE&quot; ]; then&#10;  COUNT=$(cat &quot;$STATE_FILE&quot; | tr -d &apos;[:space:]&apos; || true)&#10;  if ! echo &quot;$COUNT&quot; | grep -Eq &apos;^[0-9]+$&apos;; then&#10;    COUNT=0&#10;  fi&#10;fi&#10;COUNT=$(( COUNT + 1 ))&#10;&#10;# CFBundleVersion doit rester un entier croissant&#10;CFBUNDLEVERSION=&quot;$COUNT&quot;&#10;&#10;# Optionnel: une cha&#xee;ne lisible pour affichage&#10;VISIBLE_BUILD=&quot;${DAY}.${COUNT}&quot;&#10;&#10;mkdir -p &quot;$(dirname &quot;$XCCONFIG&quot;)&quot;&#10;: &gt; &quot;$XCCONFIG&quot;&#10;echo &quot;CURRENT_PROJECT_VERSION = $CFBUNDLEVERSION&quot; &gt;&gt; &quot;$XCCONFIG&quot;&#10;echo &quot;VISIBLE_BUILD = ${VISIBLE_BUILD}&quot; &gt;&gt; &quot;$XCCONFIG&quot;&#10;&#10;echo &quot;$COUNT&quot; &gt; &quot;$STATE_FILE&quot;&#10;&#10;echo &quot;Updated build number to: CFBundleVersion=$CFBUNDLEVERSION, visible=$VISIBLE_BUILD&quot;&#10;&#10;">
               <EnvironmentBuildable>
                  <BuildableReference
                     BuildableIdentifier = "primary"
                     BlueprintIdentifier = "03BA8E8E2F043D7B001F0071"
                     BuildableName = "THPredicateEditorSwiftUI.app"
                     BlueprintName = "THPredicateEditorSwiftUI"
                     ReferencedContainer = "container:THPredicateEditorSwiftUI.xcodeproj">
                  </BuildableReference>
               </EnvironmentBuildable>
            </ActionContent>
         </ExecutionAction>
      </PreActions>
      <BuildActionEntries>
         <BuildActionEntry
            buildForTesting = "YES"
            buildForRunning = "YES"
            buildForProfiling = "YES"
            buildForArchiving = "YES"
            buildForAnalyzing = "YES">
            <BuildableReference
               BuildableIdentifier = "primary"
               BlueprintIdentifier = "03BA8E8E2F043D7B001F0071"
               BuildableName = "THPredicateEditorSwiftUI.app"
               BlueprintName = "THPredicateEditorSwiftUI"
               ReferencedContainer = "container:THPredicateEditorSwiftUI.xcodeproj">
            </BuildableReference>
         </BuildActionEntry>
      </BuildActionEntries>
   </BuildAction>
   <TestAction
      buildConfiguration = "Debug"
      selectedDebuggerIdentifier = "Xcode.DebuggerFoundation.Debugger.LLDB"
      selectedLauncherIdentifier = "Xcode.DebuggerFoundation.Launcher.LLDB"
      shouldUseLaunchSchemeArgsEnv = "YES"
      shouldAutocreateTestPlan = "YES">
   </TestAction>
   <LaunchAction
      buildConfiguration = "Debug"
      selectedDebuggerIdentifier = "Xcode.DebuggerFoundation.Debugger.LLDB"
      selectedLauncherIdentifier = "Xcode.DebuggerFoundation.Launcher.LLDB"
      launchStyle = "0"
      useCustomWorkingDirectory = "NO"
      ignoresPersistentStateOnLaunch = "NO"
      debugDocumentVersioning = "YES"
      debugServiceExtension = "internal"
      allowLocationSimulation = "YES">
      <BuildableProductRunnable
         runnableDebuggingMode = "0">
         <BuildableReference
            BuildableIdentifier = "primary"
            BlueprintIdentifier = "03BA8E8E2F043D7B001F0071"
            BuildableName = "THPredicateEditorSwiftUI.app"
            BlueprintName = "THPredicateEditorSwiftUI"
            ReferencedContainer = "container:THPredicateEditorSwiftUI.xcodeproj">
         </BuildableReference>
      </BuildableProductRunnable>
   </LaunchAction>
   <ProfileAction
      buildConfiguration = "Release"
      shouldUseLaunchSchemeArgsEnv = "YES"
      savedToolIdentifier = ""
      useCustomWorkingDirectory = "NO"
      debugDocumentVersioning = "YES">
      <BuildableProductRunnable
         runnableDebuggingMode = "0">
         <BuildableReference
            BuildableIdentifier = "primary"
            BlueprintIdentifier = "03BA8E8E2F043D7B001F0071"
            BuildableName = "THPredicateEditorSwiftUI.app"
            BlueprintName = "THPredicateEditorSwiftUI"
            ReferencedContainer = "container:THPredicateEditorSwiftUI.xcodeproj">
         </BuildableReference>
      </BuildableProductRunnable>
   </ProfileAction>
   <AnalyzeAction
      buildConfiguration = "Debug">
   </AnalyzeAction>
   <ArchiveAction
      buildConfiguration = "Release"
      revealArchiveInOrganizer = "YES">
      <PreActions>
         <ExecutionAction
            ActionType = "Xcode.IDEStandardExecutionActionsCore.ExecutionActionType.ShellScriptAction">
            <ActionContent
               title = "Run Script"
               scriptText = "#!/bin/sh&#10;set -euo pipefail&#10;&#10;PROJECT_NAME=$(basename &quot;$PROJECT_FILE_PATH&quot; .xcodeproj)&#10;XCCONFIG=&quot;${PROJECT_DIR}/${PROJECT_NAME}/BuildNumber.xcconfig&quot;&#10;STATE_FILE=&quot;${PROJECT_DIR}/${PROJECT_NAME}/.BuildNumber.global&quot;&#10;&#10;DAY=$(date &apos;+%y%m%d&apos;)&#10;&#10;COUNT=0&#10;if [ -f &quot;$STATE_FILE&quot; ]; then&#10;  COUNT=$(cat &quot;$STATE_FILE&quot; | tr -d &apos;[:space:]&apos; || true)&#10;  if ! echo &quot;$COUNT&quot; | grep -Eq &apos;^[0-9]+$&apos;; then&#10;    COUNT=0&#10;  fi&#10;fi&#10;COUNT=$(( COUNT + 1 ))&#10;&#10;# CFBundleVersion doit rester un entier croissant&#10;CFBUNDLEVERSION=&quot;$COUNT&quot;&#10;&#10;# Optionnel: une cha&#xee;ne lisible pour affichage&#10;VISIBLE_BUILD=&quot;${DAY}.${COUNT}&quot;&#10;&#10;mkdir -p &quot;$(dirname &quot;$XCCONFIG&quot;)&quot;&#10;: &gt; &quot;$XCCONFIG&quot;&#10;echo &quot;CURRENT_PROJECT_VERSION = $CFBUNDLEVERSION&quot; &gt;&gt; &quot;$XCCONFIG&quot;&#10;echo &quot;VISIBLE_BUILD = ${VISIBLE_BUILD}&quot; &gt;&gt; &quot;$XCCONFIG&quot;&#10;&#10;echo &quot;$COUNT&quot; &gt; &quot;$STATE_FILE&quot;&#10;&#10;echo &quot;Updated build number to: CFBundleVersion=$CFBUNDLEVERSION, visible=$VISIBLE_BUILD&quot;&#10;&#10;">
            </ActionContent>
         </ExecutionAction>
      </PreActions>
   </ArchiveAction>
</Scheme>
